// !$*UTF8*$!
{
	archiveVersion = 1;
	classes = {
	};
	objectVersion = 50;
	objects = {

/* Begin PBXBuildFile section */
		251B309320EDF5A000F42F5E /* WordSearchMain.swift in Sources */ = {isa = PBXBuildFile; fileRef = 251B309220EDF5A000F42F5E /* WordSearchMain.swift */; };
		251B309620EDF60D00F42F5E /* KnapsackTest.swift in Sources */ = {isa = PBXBuildFile; fileRef = 251B309520EDF60D00F42F5E /* KnapsackTest.swift */; };
		251B309820EDF61600F42F5E /* Knapsack.swift in Sources */ = {isa = PBXBuildFile; fileRef = 251B309720EDF61600F42F5E /* Knapsack.swift */; };
		251B309B20F1F2E000F42F5E /* WordPermutationTest.swift in Sources */ = {isa = PBXBuildFile; fileRef = 251B309A20F1F2E000F42F5E /* WordPermutationTest.swift */; };
		251B309D20F1F2EC00F42F5E /* WordPermutation.swift in Sources */ = {isa = PBXBuildFile; fileRef = 251B309C20F1F2EC00F42F5E /* WordPermutation.swift */; };
		251B30A020F2041A00F42F5E /* LongestSubArrayTest.swift in Sources */ = {isa = PBXBuildFile; fileRef = 251B309F20F2041A00F42F5E /* LongestSubArrayTest.swift */; };
		251B30A220F204D100F42F5E /* LongestSubArray.swift in Sources */ = {isa = PBXBuildFile; fileRef = 251B30A120F204D100F42F5E /* LongestSubArray.swift */; };
		254EE79E20DF88C00071C536 /* main.swift in Sources */ = {isa = PBXBuildFile; fileRef = 254EE79D20DF88C00071C536 /* main.swift */; };
		254EE7A520DF88F30071C536 /* WordSearch.swift in Sources */ = {isa = PBXBuildFile; fileRef = 254EE7A420DF88F30071C536 /* WordSearch.swift */; };
/* End PBXBuildFile section */

/* Begin PBXCopyFilesBuildPhase section */
		254EE79820DF88C00071C536 /* CopyFiles */ = {
			isa = PBXCopyFilesBuildPhase;
			buildActionMask = 2147483647;
			dstPath = /usr/share/man/man1/;
			dstSubfolderSpec = 0;
			files = (
			);
			runOnlyForDeploymentPostprocessing = 1;
		};
/* End PBXCopyFilesBuildPhase section */

/* Begin PBXFileReference section */
		251B309220EDF5A000F42F5E /* WordSearchMain.swift */ = {isa = PBXFileReference; lastKnownFileType = sourcecode.swift; path = WordSearchMain.swift; sourceTree = "<group>"; };
		251B309520EDF60D00F42F5E /* KnapsackTest.swift */ = {isa = PBXFileReference; lastKnownFileType = sourcecode.swift; path = KnapsackTest.swift; sourceTree = "<group>"; };
		251B309720EDF61600F42F5E /* Knapsack.swift */ = {isa = PBXFileReference; lastKnownFileType = sourcecode.swift; path = Knapsack.swift; sourceTree = "<group>"; };
		251B309A20F1F2E000F42F5E /* WordPermutationTest.swift */ = {isa = PBXFileReference; lastKnownFileType = sourcecode.swift; path = WordPermutationTest.swift; sourceTree = "<group>"; };
		251B309C20F1F2EC00F42F5E /* WordPermutation.swift */ = {isa = PBXFileReference; lastKnownFileType = sourcecode.swift; path = WordPermutation.swift; sourceTree = "<group>"; };
		251B309F20F2041A00F42F5E /* LongestSubArrayTest.swift */ = {isa = PBXFileReference; lastKnownFileType = sourcecode.swift; path = LongestSubArrayTest.swift; sourceTree = "<group>"; };
		251B30A120F204D100F42F5E /* LongestSubArray.swift */ = {isa = PBXFileReference; lastKnownFileType = sourcecode.swift; path = LongestSubArray.swift; sourceTree = "<group>"; };
		254EE79A20DF88C00071C536 /* Study */ = {isa = PBXFileReference; explicitFileType = "compiled.mach-o.executable"; includeInIndex = 0; path = Study; sourceTree = BUILT_PRODUCTS_DIR; };
		254EE79D20DF88C00071C536 /* main.swift */ = {isa = PBXFileReference; lastKnownFileType = sourcecode.swift; path = main.swift; sourceTree = "<group>"; };
		254EE7A420DF88F30071C536 /* WordSearch.swift */ = {isa = PBXFileReference; lastKnownFileType = sourcecode.swift; path = WordSearch.swift; sourceTree = "<group>"; };
/* End PBXFileReference section */

/* Begin PBXFrameworksBuildPhase section */
		254EE79720DF88C00071C536 /* Frameworks */ = {
			isa = PBXFrameworksBuildPhase;
			buildActionMask = 2147483647;
			files = (
			);
			runOnlyForDeploymentPostprocessing = 0;
		};
/* End PBXFrameworksBuildPhase section */

/* Begin PBXGroup section */
		251B309120EDF57B00F42F5E /* Word Search */ = {
			isa = PBXGroup;
			children = (
				254EE7A420DF88F30071C536 /* WordSearch.swift */,
				251B309220EDF5A000F42F5E /* WordSearchMain.swift */,
			);
			path = "Word Search";
			sourceTree = "<group>";
		};
		251B309420EDF5FD00F42F5E /* knapsack */ = {
			isa = PBXGroup;
			children = (
				251B309520EDF60D00F42F5E /* KnapsackTest.swift */,
				251B309720EDF61600F42F5E /* Knapsack.swift */,
			);
			path = knapsack;
			sourceTree = "<group>";
		};
		251B309920F1F2CE00F42F5E /* Word Permutation */ = {
			isa = PBXGroup;
			children = (
				251B309A20F1F2E000F42F5E /* WordPermutationTest.swift */,
				251B309C20F1F2EC00F42F5E /* WordPermutation.swift */,
			);
			path = "Word Permutation";
			sourceTree = "<group>";
		};
		251B309E20F2040400F42F5E /* Longest SubArray */ = {
			isa = PBXGroup;
			children = (
				251B309F20F2041A00F42F5E /* LongestSubArrayTest.swift */,
				251B30A120F204D100F42F5E /* LongestSubArray.swift */,
			);
			path = "Longest SubArray";
			sourceTree = "<group>";
		};
		254EE79120DF88C00071C536 = {
			isa = PBXGroup;
			children = (
				254EE79C20DF88C00071C536 /* Study */,
				254EE79B20DF88C00071C536 /* Products */,
			);
			sourceTree = "<group>";
		};
		254EE79B20DF88C00071C536 /* Products */ = {
			isa = PBXGroup;
			children = (
				254EE79A20DF88C00071C536 /* Study */,
			);
			name = Products;
			sourceTree = "<group>";
		};
		254EE79C20DF88C00071C536 /* Study */ = {
			isa = PBXGroup;
			children = (
				251B309E20F2040400F42F5E /* Longest SubArray */,
				251B309920F1F2CE00F42F5E /* Word Permutation */,
				251B309420EDF5FD00F42F5E /* knapsack */,
				251B309120EDF57B00F42F5E /* Word Search */,
				254EE79D20DF88C00071C536 /* main.swift */,
			);
			path = Study;
			sourceTree = "<group>";
		};
/* End PBXGroup section */

/* Begin PBXNativeTarget section */
		254EE79920DF88C00071C536 /* Study */ = {
			isa = PBXNativeTarget;
			buildConfigurationList = 254EE7A120DF88C00071C536 /* Build configuration list for PBXNativeTarget "Study" */;
			buildPhases = (
				254EE79620DF88C00071C536 /* Sources */,
				254EE79720DF88C00071C536 /* Frameworks */,
				254EE79820DF88C00071C536 /* CopyFiles */,
			);
			buildRules = (
			);
			dependencies = (
			);
			name = Study;
			productName = Study;
			productReference = 254EE79A20DF88C00071C536 /* Study */;
			productType = "com.apple.product-type.tool";
		};
/* End PBXNativeTarget section */

/* Begin PBXProject section */
		254EE79220DF88C00071C536 /* Project object */ = {
			isa = PBXProject;
			attributes = {
				LastSwiftUpdateCheck = 0940;
				LastUpgradeCheck = 0940;
				ORGANIZATIONNAME = "Matthew cai";
				TargetAttributes = {
					254EE79920DF88C00071C536 = {
						CreatedOnToolsVersion = 9.4.1;
					};
				};
			};
			buildConfigurationList = 254EE79520DF88C00071C536 /* Build configuration list for PBXProject "Study" */;
			compatibilityVersion = "Xcode 9.3";
			developmentRegion = en;
			hasScannedForEncodings = 0;
			knownRegions = (
				en,
			);
			mainGroup = 254EE79120DF88C00071C536;
			productRefGroup = 254EE79B20DF88C00071C536 /* Products */;
			projectDirPath = "";
			projectRoot = "";
			targets = (
				254EE79920DF88C00071C536 /* Study */,
			);
		};
/* End PBXProject section */

/* Begin PBXSourcesBuildPhase section */
		254EE79620DF88C00071C536 /* Sources */ = {
			isa = PBXSourcesBuildPhase;
			buildActionMask = 2147483647;
			files = (
				251B309820EDF61600F42F5E /* Knapsack.swift in Sources */,
				251B30A020F2041A00F42F5E /* LongestSubArrayTest.swift in Sources */,
				254EE79E20DF88C00071C536 /* main.swift in Sources */,
				251B309D20F1F2EC00F42F5E /* WordPermutation.swift in Sources */,
				251B309B20F1F2E000F42F5E /* WordPermutationTest.swift in Sources */,
				251B30A220F204D100F42F5E /* LongestSubArray.swift in Sources */,
				251B309620EDF60D00F42F5E /* KnapsackTest.swift in Sources */,
				251B309320EDF5A000F42F5E /* WordSearchMain.swift in Sources */,
				254EE7A520DF88F30071C536 /* WordSearch.swift in Sources */,
			);
			runOnlyForDeploymentPostprocessing = 0;
		};
/* End PBXSourcesBuildPhase section */

/* Begin XCBuildConfiguration section */
		254EE79F20DF88C00071C536 /* Debug */ = {
			isa = XCBuildConfiguration;
			buildSettings = {
				ALWAYS_SEARCH_USER_PATHS = NO;
				CLANG_ANALYZER_NONNULL = YES;
				CLANG_ANALYZER_NUMBER_OBJECT_CONVERSION = YES_AGGRESSIVE;
				CLANG_CXX_LANGUAGE_STANDARD = "gnu++14";
				CLANG_CXX_LIBRARY = "libc++";
				CLANG_ENABLE_MODULES = YES;
				CLANG_ENABLE_OBJC_ARC = YES;
				CLANG_ENABLE_OBJC_WEAK = YES;
				CLANG_WARN_BLOCK_CAPTURE_AUTORELEASING = YES;
				CLANG_WARN_BOOL_CONVERSION = YES;
				CLANG_WARN_COMMA = YES;
				CLANG_WARN_CONSTANT_CONVERSION = YES;
				CLANG_WARN_DEPRECATED_OBJC_IMPLEMENTATIONS = YES;
				CLANG_WARN_DIRECT_OBJC_ISA_USAGE = YES_ERROR;
				CLANG_WARN_DOCUMENTATION_COMMENTS = YES;
				CLANG_WARN_EMPTY_BODY = YES;
				CLANG_WARN_ENUM_CONVERSION = YES;
				CLANG_WARN_INFINITE_RECURSION = YES;
				CLANG_WARN_INT_CONVERSION = YES;
				CLANG_WARN_NON_LITERAL_NULL_CONVERSION = YES;
				CLANG_WARN_OBJC_IMPLICIT_RETAIN_SELF = YES;
				CLANG_WARN_OBJC_LITERAL_CONVERSION = YES;
				CLANG_WARN_OBJC_ROOT_CLASS = YES_ERROR;
				CLANG_WARN_RANGE_LOOP_ANALYSIS = YES;
				CLANG_WARN_STRICT_PROTOTYPES = YES;
				CLANG_WARN_SUSPICIOUS_MOVE = YES;
				CLANG_WARN_UNGUARDED_AVAILABILITY = YES_AGGRESSIVE;
				CLANG_WARN_UNREACHABLE_CODE = YES;
				CLANG_WARN__DUPLICATE_METHOD_MATCH = YES;
				CODE_SIGN_IDENTITY = "Mac Developer";
				COPY_PHASE_STRIP = NO;
				DEBUG_INFORMATION_FORMAT = dwarf;
				ENABLE_STRICT_OBJC_MSGSEND = YES;
				ENABLE_TESTABILITY = YES;
				GCC_C_LANGUAGE_STANDARD = gnu11;
				GCC_DYNAMIC_NO_PIC = NO;
				GCC_NO_COMMON_BLOCKS = YES;
				GCC_OPTIMIZATION_LEVEL = 0;
				GCC_PREPROCESSOR_DEFINITIONS = (
					"DEBUG=1",
					"$(inherited)",
				);
				GCC_WARN_64_TO_32_BIT_CONVERSION = YES;
				GCC_WARN_ABOUT_RETURN_TYPE = YES_ERROR;
				GCC_WARN_UNDECLARED_SELECTOR = YES;
				GCC_WARN_UNINITIALIZED_AUTOS = YES_AGGRESSIVE;
				GCC_WARN_UNUSED_FUNCTION = YES;
				GCC_WARN_UNUSED_VARIABLE = YES;
				MACOSX_DEPLOYMENT_TARGET = 10.13;
				MTL_ENABLE_DEBUG_INFO = YES;
				ONLY_ACTIVE_ARCH = YES;
				SDKROOT = macosx;
				SWIFT_ACTIVE_COMPILATION_CONDITIONS = DEBUG;
				SWIFT_OPTIMIZATION_LEVEL = "-Onone";
			};
			name = Debug;
		};
		254EE7A020DF88C00071C536 /* Release */ = {
			isa = XCBuildConfiguration;
			buildSettings = {
				ALWAYS_SEARCH_USER_PATHS = NO;
				CLANG_ANALYZER_NONNULL = YES;
				CLANG_ANALYZER_NUMBER_OBJECT_CONVERSION = YES_AGGRESSIVE;
				CLANG_CXX_LANGUAGE_STANDARD = "gnu++14";
				CLANG_CXX_LIBRARY = "libc++";
				CLANG_ENABLE_MODULES = YES;
				CLANG_ENABLE_OBJC_ARC = YES;
				CLANG_ENABLE_OBJC_WEAK = YES;
				CLANG_WARN_BLOCK_CAPTURE_AUTORELEASING = YES;
				CLANG_WARN_BOOL_CONVERSION = YES;
				CLANG_WARN_COMMA = YES;
				CLANG_WARN_CONSTANT_CONVERSION = YES;
				CLANG_WARN_DEPRECATED_OBJC_IMPLEMENTATIONS = YES;
				CLANG_WARN_DIRECT_OBJC_ISA_USAGE = YES_ERROR;
				CLANG_WARN_DOCUMENTATION_COMMENTS = YES;
				CLANG_WARN_EMPTY_BODY = YES;
				CLANG_WARN_ENUM_CONVERSION = YES;
				CLANG_WARN_INFINITE_RECURSION = YES;
				CLANG_WARN_INT_CONVERSION = YES;
				CLANG_WARN_NON_LITERAL_NULL_CONVERSION = YES;
				CLANG_WARN_OBJC_IMPLICIT_RETAIN_SELF = YES;
				CLANG_WARN_OBJC_LITERAL_CONVERSION = YES;
				CLANG_WARN_OBJC_ROOT_CLASS = YES_ERROR;
				CLANG_WARN_RANGE_LOOP_ANALYSIS = YES;
				CLANG_WARN_STRICT_PROTOTYPES = YES;
				CLANG_WARN_SUSPICIOUS_MOVE = YES;
				CLANG_WARN_UNGUARDED_AVAILABILITY = YES_AGGRESSIVE;
				CLANG_WARN_UNREACHABLE_CODE = YES;
				CLANG_WARN__DUPLICATE_METHOD_MATCH = YES;
				CODE_SIGN_IDENTITY = "Mac Developer";
				COPY_PHASE_STRIP = NO;
				DEBUG_INFORMATION_FORMAT = "dwarf-with-dsym";
				ENABLE_NS_ASSERTIONS = NO;
				ENABLE_STRICT_OBJC_MSGSEND = YES;
				GCC_C_LANGUAGE_STANDARD = gnu11;
				GCC_NO_COMMON_BLOCKS = YES;
				GCC_WARN_64_TO_32_BIT_CONVERSION = YES;
				GCC_WARN_ABOUT_RETURN_TYPE = YES_ERROR;
				GCC_WARN_UNDECLARED_SELECTOR = YES;
				GCC_WARN_UNINITIALIZED_AUTOS = YES_AGGRESSIVE;
				GCC_WARN_UNUSED_FUNCTION = YES;
				GCC_WARN_UNUSED_VARIABLE = YES;
				MACOSX_DEPLOYMENT_TARGET = 10.13;
				MTL_ENABLE_DEBUG_INFO = NO;
				SDKROOT = macosx;
				SWIFT_COMPILATION_MODE = wholemodule;
				SWIFT_OPTIMIZATION_LEVEL = "-O";
			};
			name = Release;
		};
		254EE7A220DF88C00071C536 /* Debug */ = {
			isa = XCBuildConfiguration;
			buildSettings = {
				CODE_SIGN_STYLE = Automatic;
				DEVELOPMENT_TEAM = PGGVS967BV;
				PRODUCT_NAME = "$(TARGET_NAME)";
				SWIFT_VERSION = 4.0;
			};
			name = Debug;
		};
		254EE7A320DF88C00071C536 /* Release */ = {
			isa = XCBuildConfiguration;
			buildSettings = {
				CODE_SIGN_STYLE = Automatic;
				DEVELOPMENT_TEAM = PGGVS967BV;
				PRODUCT_NAME = "$(TARGET_NAME)";
				SWIFT_VERSION = 4.0;
			};
			name = Release;
		};
/* End XCBuildConfiguration section */

/* Begin XCConfigurationList section */
		254EE79520DF88C00071C536 /* Build configuration list for PBXProject "Study" */ = {
			isa = XCConfigurationList;
			buildConfigurations = (
				254EE79F20DF88C00071C536 /* Debug */,
				254EE7A020DF88C00071C536 /* Release */,
			);
			defaultConfigurationIsVisible = 0;
			defaultConfigurationName = Release;
		};
		254EE7A120DF88C00071C536 /* Build configuration list for PBXNativeTarget "Study" */ = {
			isa = XCConfigurationList;
			buildConfigurations = (
				254EE7A220DF88C00071C536 /* Debug */,
				254EE7A320DF88C00071C536 /* Release */,
			);
			defaultConfigurationIsVisible = 0;
			defaultConfigurationName = Release;
		};
/* End XCConfigurationList section */
	};
	rootObject = 254EE79220DF88C00071C536 /* Project object */;
}
